
Microsoft Visual Studio Solution File, Format Version 12.00
# Visual Studio 14
VisualStudioVersion = 14.0.23107.0
MinimumVisualStudioVersion = 10.0.40219.1
Project("{FAE04EC0-301F-11D3-BF4B-00C04F79EFBC}") = "Client_PIM", "MyAirport\Client_PIM.csproj", "{55FC1756-88ED-489D-BE19-7F23E7971893}"
EndProject
Project("{8BB2217D-0F2D-49D1-97BC-3654ED321F3B}") = "AbstractModel", "AbstractModel\AbstractModel.xproj", "{9257D22D-77C7-4B46-8603-3EFF05C7CCBF}"
EndProject
Project("{FAE04EC0-301F-11D3-BF4B-00C04F79EFBC}") = "MyAirport.Entities", "MyAirport.Entities\MyAirport.Entities.csproj", "{9B7EEDA3-C850-452A-8EAA-1A101A831898}"
EndProject
Global
	GlobalSection(SolutionConfigurationPlatforms) = preSolution
		Debug|Any CPU = Debug|Any CPU
		Release|Any CPU = Release|Any CPU
	EndGlobalSection
	GlobalSection(ProjectConfigurationPlatforms) = postSolution
		{55FC1756-88ED-489D-BE19-7F23E7971893}.Debug|Any CPU.ActiveCfg = Debug|Any CPU
		{55FC1756-88ED-489D-BE19-7F23E7971893}.Debug|Any CPU.Build.0 = Debug|Any CPU
		{55FC1756-88ED-489D-BE19-7F23E7971893}.Release|Any CPU.ActiveCfg = Release|Any CPU
		{55FC1756-88ED-489D-BE19-7F23E7971893}.Release|Any CPU.Build.0 = Release|Any CPU
		{9257D22D-77C7-4B46-8603-3EFF05C7CCBF}.Debug|Any CPU.ActiveCfg = Debug|Any CPU
		{9257D22D-77C7-4B46-8603-3EFF05C7CCBF}.Debug|Any CPU.Build.0 = Debug|Any CPU
		{9257D22D-77C7-4B46-8603-3EFF05C7CCBF}.Release|Any CPU.ActiveCfg = Release|Any CPU
		{9257D22D-77C7-4B46-8603-3EFF05C7CCBF}.Release|Any CPU.Build.0 = Release|Any CPU
		{9B7EEDA3-C850-452A-8EAA-1A101A831898}.Debug|Any CPU.ActiveCfg = Debug|Any CPU
		{9B7EEDA3-C850-452A-8EAA-1A101A831898}.Debug|Any CPU.Build.0 = Debug|Any CPU
		{9B7EEDA3-C850-452A-8EAA-1A101A831898}.Release|Any CPU.ActiveCfg = Release|Any CPU
		{9B7EEDA3-C850-452A-8EAA-1A101A831898}.Release|Any CPU.Build.0 = Release|Any CPU
	EndGlobalSection
	GlobalSection(SolutionProperties) = preSolution
		HideSolutionNode = FALSE
	EndGlobalSection
EndGlobal
